// !$*UTF8*$!
{
	archiveVersion = 1;
	classes = {
	};
	objectVersion = 56;
	objects = {

/* Begin PBXBuildFile section */
		99D9ADF12B083C6A0098D2E9 /* AppDelegate.swift in Sources */ = {isa = PBXBuildFile; fileRef = 99D9ADF02B083C6A0098D2E9 /* AppDelegate.swift */; };
		99D9ADF32B083C6A0098D2E9 /* ContentView.swift in Sources */ = {isa = PBXBuildFile; fileRef = 99D9ADF22B083C6A0098D2E9 /* ContentView.swift */; };
		99D9ADF52B083C6B0098D2E9 /* Assets.xcassets in Resources */ = {isa = PBXBuildFile; fileRef = 99D9ADF42B083C6B0098D2E9 /* Assets.xcassets */; };
		99D9ADF82B083C6B0098D2E9 /* Preview Assets.xcassets in Resources */ = {isa = PBXBuildFile; fileRef = 99D9ADF72B083C6B0098D2E9 /* Preview Assets.xcassets */; };
		99D9AE022B083C6C0098D2E9 /* kasperTests.swift in Sources */ = {isa = PBXBuildFile; fileRef = 99D9AE012B083C6C0098D2E9 /* kasperTests.swift */; };
		99D9AE0C2B083C6C0098D2E9 /* kasperUITests.swift in Sources */ = {isa = PBXBuildFile; fileRef = 99D9AE0B2B083C6C0098D2E9 /* kasperUITests.swift */; };
		99D9AE0E2B083C6C0098D2E9 /* kasperUITestsLaunchTests.swift in Sources */ = {isa = PBXBuildFile; fileRef = 99D9AE0D2B083C6C0098D2E9 /* kasperUITestsLaunchTests.swift */; };
/* End PBXBuildFile section */

/* Begin PBXContainerItemProxy section */
		99D9ADFE2B083C6C0098D2E9 /* PBXContainerItemProxy */ = {
			isa = PBXContainerItemProxy;
			containerPortal = 99D9ADE52B083C6A0098D2E9 /* Project object */;
			proxyType = 1;
			remoteGlobalIDString = 99D9ADEC2B083C6A0098D2E9;
			remoteInfo = kasper;
		};
		99D9AE082B083C6C0098D2E9 /* PBXContainerItemProxy */ = {
			isa = PBXContainerItemProxy;
			containerPortal = 99D9ADE52B083C6A0098D2E9 /* Project object */;
			proxyType = 1;
			remoteGlobalIDString = 99D9ADEC2B083C6A0098D2E9;
			remoteInfo = kasper;
		};
/* End PBXContainerItemProxy section */

/* Begin PBXFileReference section */
		99D9ADED2B083C6A0098D2E9 /* kasper.app */ = {isa = PBXFileReference; explicitFileType = wrapper.application; includeInIndex = 0; path = kasper.app; sourceTree = BUILT_PRODUCTS_DIR; };
		99D9ADF02B083C6A0098D2E9 /* AppDelegate.swift */ = {isa = PBXFileReference; lastKnownFileType = sourcecode.swift; path = AppDelegate.swift; sourceTree = "<group>"; };
		99D9ADF22B083C6A0098D2E9 /* ContentView.swift */ = {isa = PBXFileReference; lastKnownFileType = sourcecode.swift; path = ContentView.swift; sourceTree = "<group>"; };
		99D9ADF42B083C6B0098D2E9 /* Assets.xcassets */ = {isa = PBXFileReference; lastKnownFileType = folder.assetcatalog; path = Assets.xcassets; sourceTree = "<group>"; };
		99D9ADF72B083C6B0098D2E9 /* Preview Assets.xcassets */ = {isa = PBXFileReference; lastKnownFileType = folder.assetcatalog; path = "Preview Assets.xcassets"; sourceTree = "<group>"; };
		99D9ADFD2B083C6C0098D2E9 /* kasperTests.xctest */ = {isa = PBXFileReference; explicitFileType = wrapper.cfbundle; includeInIndex = 0; path = kasperTests.xctest; sourceTree = BUILT_PRODUCTS_DIR; };
		99D9AE012B083C6C0098D2E9 /* kasperTests.swift */ = {isa = PBXFileReference; lastKnownFileType = sourcecode.swift; path = kasperTests.swift; sourceTree = "<group>"; };
		99D9AE072B083C6C0098D2E9 /* kasperUITests.xctest */ = {isa = PBXFileReference; explicitFileType = wrapper.cfbundle; includeInIndex = 0; path = kasperUITests.xctest; sourceTree = BUILT_PRODUCTS_DIR; };
		99D9AE0B2B083C6C0098D2E9 /* kasperUITests.swift */ = {isa = PBXFileReference; lastKnownFileType = sourcecode.swift; path = kasperUITests.swift; sourceTree = "<group>"; };
		99D9AE0D2B083C6C0098D2E9 /* kasperUITestsLaunchTests.swift */ = {isa = PBXFileReference; lastKnownFileType = sourcecode.swift; path = kasperUITestsLaunchTests.swift; sourceTree = "<group>"; };
/* End PBXFileReference section */

/* Begin PBXFrameworksBuildPhase section */
		99D9ADEA2B083C6A0098D2E9 /* Frameworks */ = {
			isa = PBXFrameworksBuildPhase;
			buildActionMask = 2147483647;
			files = (
			);
			runOnlyForDeploymentPostprocessing = 0;
		};
		99D9ADFA2B083C6C0098D2E9 /* Frameworks */ = {
			isa = PBXFrameworksBuildPhase;
			buildActionMask = 2147483647;
			files = (
			);
			runOnlyForDeploymentPostprocessing = 0;
		};
		99D9AE042B083C6C0098D2E9 /* Frameworks */ = {
			isa = PBXFrameworksBuildPhase;
			buildActionMask = 2147483647;
			files = (
			);
			runOnlyForDeploymentPostprocessing = 0;
		};
/* End PBXFrameworksBuildPhase section */

/* Begin PBXGroup section */
		99D9ADE42B083C6A0098D2E9 = {
			isa = PBXGroup;
			children = (
				99D9ADEF2B083C6A0098D2E9 /* kasper */,
				99D9AE002B083C6C0098D2E9 /* kasperTests */,
				99D9AE0A2B083C6C0098D2E9 /* kasperUITests */,
				99D9ADEE2B083C6A0098D2E9 /* Products */,
			);
			sourceTree = "<group>";
		};
		99D9ADEE2B083C6A0098D2E9 /* Products */ = {
			isa = PBXGroup;
			children = (
				99D9ADED2B083C6A0098D2E9 /* kasper.app */,
				99D9ADFD2B083C6C0098D2E9 /* kasperTests.xctest */,
				99D9AE072B083C6C0098D2E9 /* kasperUITests.xctest */,
			);
			name = Products;
			sourceTree = "<group>";
		};
		99D9ADEF2B083C6A0098D2E9 /* kasper */ = {
			isa = PBXGroup;
			children = (
				99D9ADF02B083C6A0098D2E9 /* AppDelegate.swift */,
				99D9ADF22B083C6A0098D2E9 /* ContentView.swift */,
				99D9ADF42B083C6B0098D2E9 /* Assets.xcassets */,
				99D9ADF62B083C6B0098D2E9 /* Preview Content */,
			);
			path = kasper;
			sourceTree = "<group>";
		};
		99D9ADF62B083C6B0098D2E9 /* Preview Content */ = {
			isa = PBXGroup;
			children = (
				99D9ADF72B083C6B0098D2E9 /* Preview Assets.xcassets */,
			);
			path = "Preview Content";
			sourceTree = "<group>";
		};
		99D9AE002B083C6C0098D2E9 /* kasperTests */ = {
			isa = PBXGroup;
			children = (
				99D9AE012B083C6C0098D2E9 /* kasperTests.swift */,
			);
			path = kasperTests;
			sourceTree = "<group>";
		};
		99D9AE0A2B083C6C0098D2E9 /* kasperUITests */ = {
			isa = PBXGroup;
			children = (
				99D9AE0B2B083C6C0098D2E9 /* kasperUITests.swift */,
				99D9AE0D2B083C6C0098D2E9 /* kasperUITestsLaunchTests.swift */,
			);
			path = kasperUITests;
			sourceTree = "<group>";
		};
/* End PBXGroup section */

/* Begin PBXNativeTarget section */
		99D9ADEC2B083C6A0098D2E9 /* kasper */ = {
			isa = PBXNativeTarget;
			buildConfigurationList = 99D9AE112B083C6C0098D2E9 /* Build configuration list for PBXNativeTarget "kasper" */;
			buildPhases = (
				99D9ADE92B083C6A0098D2E9 /* Sources */,
				99D9ADEA2B083C6A0098D2E9 /* Frameworks */,
				99D9ADEB2B083C6A0098D2E9 /* Resources */,
			);
			buildRules = (
			);
			dependencies = (
			);
			name = kasper;
			productName = kasper;
			productReference = 99D9ADED2B083C6A0098D2E9 /* kasper.app */;
			productType = "com.apple.product-type.application";
		};
		99D9ADFC2B083C6C0098D2E9 /* kasperTests */ = {
			isa = PBXNativeTarget;
			buildConfigurationList = 99D9AE142B083C6C0098D2E9 /* Build configuration list for PBXNativeTarget "kasperTests" */;
			buildPhases = (
				99D9ADF92B083C6C0098D2E9 /* Sources */,
				99D9ADFA2B083C6C0098D2E9 /* Frameworks */,
				99D9ADFB2B083C6C0098D2E9 /* Resources */,
			);
			buildRules = (
			);
			dependencies = (
				99D9ADFF2B083C6C0098D2E9 /* PBXTargetDependency */,
			);
			name = kasperTests;
			productName = kasperTests;
			productReference = 99D9ADFD2B083C6C0098D2E9 /* kasperTests.xctest */;
			productType = "com.apple.product-type.bundle.unit-test";
		};
		99D9AE062B083C6C0098D2E9 /* kasperUITests */ = {
			isa = PBXNativeTarget;
			buildConfigurationList = 99D9AE172B083C6C0098D2E9 /* Build configuration list for PBXNativeTarget "kasperUITests" */;
			buildPhases = (
				99D9AE032B083C6C0098D2E9 /* Sources */,
				99D9AE042B083C6C0098D2E9 /* Frameworks */,
				99D9AE052B083C6C0098D2E9 /* Resources */,
			);
			buildRules = (
			);
			dependencies = (
				99D9AE092B083C6C0098D2E9 /* PBXTargetDependency */,
			);
			name = kasperUITests;
			productName = kasperUITests;
			productReference = 99D9AE072B083C6C0098D2E9 /* kasperUITests.xctest */;
			productType = "com.apple.product-type.bundle.ui-testing";
		};
/* End PBXNativeTarget section */

/* Begin PBXProject section */
		99D9ADE52B083C6A0098D2E9 /* Project object */ = {
			isa = PBXProject;
			attributes = {
				BuildIndependentTargetsInParallel = 1;
				LastSwiftUpdateCheck = 1500;
				LastUpgradeCheck = 1500;
				TargetAttributes = {
					99D9ADEC2B083C6A0098D2E9 = {
						CreatedOnToolsVersion = 15.0.1;
					};
					99D9ADFC2B083C6C0098D2E9 = {
						CreatedOnToolsVersion = 15.0.1;
						TestTargetID = 99D9ADEC2B083C6A0098D2E9;
					};
					99D9AE062B083C6C0098D2E9 = {
						CreatedOnToolsVersion = 15.0.1;
						TestTargetID = 99D9ADEC2B083C6A0098D2E9;
					};
				};
			};
			buildConfigurationList = 99D9ADE82B083C6A0098D2E9 /* Build configuration list for PBXProject "kasper" */;
			compatibilityVersion = "Xcode 14.0";
			developmentRegion = en;
			hasScannedForEncodings = 0;
			knownRegions = (
				en,
				Base,
			);
			mainGroup = 99D9ADE42B083C6A0098D2E9;
			productRefGroup = 99D9ADEE2B083C6A0098D2E9 /* Products */;
			projectDirPath = "";
			projectRoot = "";
			targets = (
				99D9ADEC2B083C6A0098D2E9 /* kasper */,
				99D9ADFC2B083C6C0098D2E9 /* kasperTests */,
				99D9AE062B083C6C0098D2E9 /* kasperUITests */,
			);
		};
/* End PBXProject section */

/* Begin PBXResourcesBuildPhase section */
		99D9ADEB2B083C6A0098D2E9 /* Resources */ = {
			isa = PBXResourcesBuildPhase;
			buildActionMask = 2147483647;
			files = (
				99D9ADF82B083C6B0098D2E9 /* Preview Assets.xcassets in Resources */,
				99D9ADF52B083C6B0098D2E9 /* Assets.xcassets in Resources */,
			);
			runOnlyForDeploymentPostprocessing = 0;
		};
		99D9ADFB2B083C6C0098D2E9 /* Resources */ = {
			isa = PBXResourcesBuildPhase;
			buildActionMask = 2147483647;
			files = (
			);
			runOnlyForDeploymentPostprocessing = 0;
		};
		99D9AE052B083C6C0098D2E9 /* Resources */ = {
			isa = PBXResourcesBuildPhase;
			buildActionMask = 2147483647;
			files = (
			);
			runOnlyForDeploymentPostprocessing = 0;
		};
/* End PBXResourcesBuildPhase section */

/* Begin PBXSourcesBuildPhase section */
		99D9ADE92B083C6A0098D2E9 /* Sources */ = {
			isa = PBXSourcesBuildPhase;
			buildActionMask = 2147483647;
			files = (
				99D9ADF32B083C6A0098D2E9 /* ContentView.swift in Sources */,
				99D9ADF12B083C6A0098D2E9 /* AppDelegate.swift in Sources */,
			);
			runOnlyForDeploymentPostprocessing = 0;
		};
		99D9ADF92B083C6C0098D2E9 /* Sources */ = {
			isa = PBXSourcesBuildPhase;
			buildActionMask = 2147483647;
			files = (
				99D9AE022B083C6C0098D2E9 /* kasperTests.swift in Sources */,
			);
			runOnlyForDeploymentPostprocessing = 0;
		};
		99D9AE032B083C6C0098D2E9 /* Sources */ = {
			isa = PBXSourcesBuildPhase;
			buildActionMask = 2147483647;
			files = (
				99D9AE0E2B083C6C0098D2E9 /* kasperUITestsLaunchTests.swift in Sources */,
				99D9AE0C2B083C6C0098D2E9 /* kasperUITests.swift in Sources */,
			);
			runOnlyForDeploymentPostprocessing = 0;
		};
/* End PBXSourcesBuildPhase section */

/* Begin PBXTargetDependency section */
		99D9ADFF2B083C6C0098D2E9 /* PBXTargetDependency */ = {
			isa = PBXTargetDependency;
			target = 99D9ADEC2B083C6A0098D2E9 /* kasper */;
			targetProxy = 99D9ADFE2B083C6C0098D2E9 /* PBXContainerItemProxy */;
		};
		99D9AE092B083C6C0098D2E9 /* PBXTargetDependency */ = {
			isa = PBXTargetDependency;
			target = 99D9ADEC2B083C6A0098D2E9 /* kasper */;
			targetProxy = 99D9AE082B083C6C0098D2E9 /* PBXContainerItemProxy */;
		};
/* End PBXTargetDependency section */

/* Begin XCBuildConfiguration section */
		99D9AE0F2B083C6C0098D2E9 /* Debug */ = {
			isa = XCBuildConfiguration;
			buildSettings = {
				ALWAYS_SEARCH_USER_PATHS = NO;
				ASSETCATALOG_COMPILER_GENERATE_SWIFT_ASSET_SYMBOL_EXTENSIONS = YES;
				CLANG_ANALYZER_NONNULL = YES;
				CLANG_ANALYZER_NUMBER_OBJECT_CONVERSION = YES_AGGRESSIVE;
				CLANG_CXX_LANGUAGE_STANDARD = "gnu++20";
				CLANG_ENABLE_MODULES = YES;
				CLANG_ENABLE_OBJC_ARC = YES;
				CLANG_ENABLE_OBJC_WEAK = YES;
				CLANG_WARN_BLOCK_CAPTURE_AUTORELEASING = YES;
				CLANG_WARN_BOOL_CONVERSION = YES;
				CLANG_WARN_COMMA = YES;
				CLANG_WARN_CONSTANT_CONVERSION = YES;
				CLANG_WARN_DEPRECATED_OBJC_IMPLEMENTATIONS = YES;
				CLANG_WARN_DIRECT_OBJC_ISA_USAGE = YES_ERROR;
				CLANG_WARN_DOCUMENTATION_COMMENTS = YES;
				CLANG_WARN_EMPTY_BODY = YES;
				CLANG_WARN_ENUM_CONVERSION = YES;
				CLANG_WARN_INFINITE_RECURSION = YES;
				CLANG_WARN_INT_CONVERSION = YES;
				CLANG_WARN_NON_LITERAL_NULL_CONVERSION = YES;
				CLANG_WARN_OBJC_IMPLICIT_RETAIN_SELF = YES;
				CLANG_WARN_OBJC_LITERAL_CONVERSION = YES;
				CLANG_WARN_OBJC_ROOT_CLASS = YES_ERROR;
				CLANG_WARN_QUOTED_INCLUDE_IN_FRAMEWORK_HEADER = YES;
				CLANG_WARN_RANGE_LOOP_ANALYSIS = YES;
				CLANG_WARN_STRICT_PROTOTYPES = YES;
				CLANG_WARN_SUSPICIOUS_MOVE = YES;
				CLANG_WARN_UNGUARDED_AVAILABILITY = YES_AGGRESSIVE;
				CLANG_WARN_UNREACHABLE_CODE = YES;
				CLANG_WARN__DUPLICATE_METHOD_MATCH = YES;
				COPY_PHASE_STRIP = NO;
				DEBUG_INFORMATION_FORMAT = dwarf;
				ENABLE_STRICT_OBJC_MSGSEND = YES;
				ENABLE_TESTABILITY = YES;
				ENABLE_USER_SCRIPT_SANDBOXING = YES;
				GCC_C_LANGUAGE_STANDARD = gnu17;
				GCC_DYNAMIC_NO_PIC = NO;
				GCC_NO_COMMON_BLOCKS = YES;
				GCC_OPTIMIZATION_LEVEL = 0;
				GCC_PREPROCESSOR_DEFINITIONS = (
					"DEBUG=1",
					"$(inherited)",
				);
				GCC_WARN_64_TO_32_BIT_CONVERSION = YES;
				GCC_WARN_ABOUT_RETURN_TYPE = YES_ERROR;
				GCC_WARN_UNDECLARED_SELECTOR = YES;
				GCC_WARN_UNINITIALIZED_AUTOS = YES_AGGRESSIVE;
				GCC_WARN_UNUSED_FUNCTION = YES;
				GCC_WARN_UNUSED_VARIABLE = YES;
				IPHONEOS_DEPLOYMENT_TARGET = 17.0;
				LOCALIZATION_PREFERS_STRING_CATALOGS = YES;
				MTL_ENABLE_DEBUG_INFO = INCLUDE_SOURCE;
				MTL_FAST_MATH = YES;
				ONLY_ACTIVE_ARCH = YES;
				SDKROOT = iphoneos;
				SWIFT_ACTIVE_COMPILATION_CONDITIONS = "DEBUG $(inherited)";
				SWIFT_OPTIMIZATION_LEVEL = "-Onone";
			};
			name = Debug;
		};
		99D9AE102B083C6C0098D2E9 /* Release */ = {
			isa = XCBuildConfiguration;
			buildSettings = {
				ALWAYS_SEARCH_USER_PATHS = NO;
				ASSETCATALOG_COMPILER_GENERATE_SWIFT_ASSET_SYMBOL_EXTENSIONS = YES;
				CLANG_ANALYZER_NONNULL = YES;
				CLANG_ANALYZER_NUMBER_OBJECT_CONVERSION = YES_AGGRESSIVE;
				CLANG_CXX_LANGUAGE_STANDARD = "gnu++20";
				CLANG_ENABLE_MODULES = YES;
				CLANG_ENABLE_OBJC_ARC = YES;
				CLANG_ENABLE_OBJC_WEAK = YES;
				CLANG_WARN_BLOCK_CAPTURE_AUTORELEASING = YES;
				CLANG_WARN_BOOL_CONVERSION = YES;
				CLANG_WARN_COMMA = YES;
				CLANG_WARN_CONSTANT_CONVERSION = YES;
				CLANG_WARN_DEPRECATED_OBJC_IMPLEMENTATIONS = YES;
				CLANG_WARN_DIRECT_OBJC_ISA_USAGE = YES_ERROR;
				CLANG_WARN_DOCUMENTATION_COMMENTS = YES;
				CLANG_WARN_EMPTY_BODY = YES;
				CLANG_WARN_ENUM_CONVERSION = YES;
				CLANG_WARN_INFINITE_RECURSION = YES;
				CLANG_WARN_INT_CONVERSION = YES;
				CLANG_WARN_NON_LITERAL_NULL_CONVERSION = YES;
				CLANG_WARN_OBJC_IMPLICIT_RETAIN_SELF = YES;
				CLANG_WARN_OBJC_LITERAL_CONVERSION = YES;
				CLANG_WARN_OBJC_ROOT_CLASS = YES_ERROR;
				CLANG_WARN_QUOTED_INCLUDE_IN_FRAMEWORK_HEADER = YES;
				CLANG_WARN_RANGE_LOOP_ANALYSIS = YES;
				CLANG_WARN_STRICT_PROTOTYPES = YES;
				CLANG_WARN_SUSPICIOUS_MOVE = YES;
				CLANG_WARN_UNGUARDED_AVAILABILITY = YES_AGGRESSIVE;
				CLANG_WARN_UNREACHABLE_CODE = YES;
				CLANG_WARN__DUPLICATE_METHOD_MATCH = YES;
				COPY_PHASE_STRIP = NO;
				DEBUG_INFORMATION_FORMAT = "dwarf-with-dsym";
				ENABLE_NS_ASSERTIONS = NO;
				ENABLE_STRICT_OBJC_MSGSEND = YES;
				ENABLE_USER_SCRIPT_SANDBOXING = YES;
				GCC_C_LANGUAGE_STANDARD = gnu17;
				GCC_NO_COMMON_BLOCKS = YES;
				GCC_WARN_64_TO_32_BIT_CONVERSION = YES;
				GCC_WARN_ABOUT_RETURN_TYPE = YES_ERROR;
				GCC_WARN_UNDECLARED_SELECTOR = YES;
				GCC_WARN_UNINITIALIZED_AUTOS = YES_AGGRESSIVE;
				GCC_WARN_UNUSED_FUNCTION = YES;
				GCC_WARN_UNUSED_VARIABLE = YES;
				IPHONEOS_DEPLOYMENT_TARGET = 17.0;
				LOCALIZATION_PREFERS_STRING_CATALOGS = YES;
				MTL_ENABLE_DEBUG_INFO = NO;
				MTL_FAST_MATH = YES;
				SDKROOT = iphoneos;
				SWIFT_COMPILATION_MODE = wholemodule;
				VALIDATE_PRODUCT = YES;
			};
			name = Release;
		};
		99D9AE122B083C6C0098D2E9 /* Debug */ = {
			isa = XCBuildConfiguration;
			buildSettings = {
				ASSETCATALOG_COMPILER_APPICON_NAME = AppIcon;
				ASSETCATALOG_COMPILER_GLOBAL_ACCENT_COLOR_NAME = AccentColor;
				CODE_SIGN_STYLE = Automatic;
				CURRENT_PROJECT_VERSION = 1;
				DEVELOPMENT_ASSET_PATHS = "\"kasper/Preview Content\"";
				DEVELOPMENT_TEAM = NGVMXT9PVG;
				ENABLE_PREVIEWS = YES;
				GENERATE_INFOPLIST_FILE = YES;
				INFOPLIST_KEY_NSCameraUsageDescription = "";
				INFOPLIST_KEY_UIApplicationSupportsIndirectInputEvents = YES;
				INFOPLIST_KEY_UILaunchScreen_Generation = YES;
				INFOPLIST_KEY_UIRequiredDeviceCapabilities = arkit;
				INFOPLIST_KEY_UIStatusBarHidden = YES;
				INFOPLIST_KEY_UISupportedInterfaceOrientations_iPad = "UIInterfaceOrientationPortrait UIInterfaceOrientationPortraitUpsideDown UIInterfaceOrientationLandscapeLeft UIInterfaceOrientationLandscapeRight";
				INFOPLIST_KEY_UISupportedInterfaceOrientations_iPhone = "UIInterfaceOrientationPortrait UIInterfaceOrientationLandscapeLeft UIInterfaceOrientationLandscapeRight";
				LD_RUNPATH_SEARCH_PATHS = (
					"$(inherited)",
					"@executable_path/Frameworks",
				);
				MARKETING_VERSION = 1.0;
				PRODUCT_BUNDLE_IDENTIFIER = hdemusg.kasper;
				PRODUCT_NAME = "$(TARGET_NAME)";
				SWIFT_EMIT_LOC_STRINGS = YES;
				SWIFT_VERSION = 5.0;
				TARGETED_DEVICE_FAMILY = "1,2";
			};
			name = Debug;
		};
		99D9AE132B083C6C0098D2E9 /* Release */ = {
			isa = XCBuildConfiguration;
			buildSettings = {
				ASSETCATALOG_COMPILER_APPICON_NAME = AppIcon;
				ASSETCATALOG_COMPILER_GLOBAL_ACCENT_COLOR_NAME = AccentColor;
				CODE_SIGN_STYLE = Automatic;
				CURRENT_PROJECT_VERSION = 1;
				DEVELOPMENT_ASSET_PATHS = "\"kasper/Preview Content\"";
				DEVELOPMENT_TEAM = NGVMXT9PVG;
				ENABLE_PREVIEWS = YES;
				GENERATE_INFOPLIST_FILE = YES;
				INFOPLIST_KEY_NSCameraUsageDescription = "";
				INFOPLIST_KEY_UIApplicationSupportsIndirectInputEvents = YES;
				INFOPLIST_KEY_UILaunchScreen_Generation = YES;
				INFOPLIST_KEY_UIRequiredDeviceCapabilities = arkit;
				INFOPLIST_KEY_UIStatusBarHidden = YES;
				INFOPLIST_KEY_UISupportedInterfaceOrientations_iPad = "UIInterfaceOrientationPortrait UIInterfaceOrientationPortraitUpsideDown UIInterfaceOrientationLandscapeLeft UIInterfaceOrientationLandscapeRight";
				INFOPLIST_KEY_UISupportedInterfaceOrientations_iPhone = "UIInterfaceOrientationPortrait UIInterfaceOrientationLandscapeLeft UIInterfaceOrientationLandscapeRight";
				LD_RUNPATH_SEARCH_PATHS = (
					"$(inherited)",
					"@executable_path/Frameworks",
				);
				MARKETING_VERSION = 1.0;
				PRODUCT_BUNDLE_IDENTIFIER = hdemusg.kasper;
				PRODUCT_NAME = "$(TARGET_NAME)";
				SWIFT_EMIT_LOC_STRINGS = YES;
				SWIFT_VERSION = 5.0;
				TARGETED_DEVICE_FAMILY = "1,2";
			};
			name = Release;
		};
		99D9AE152B083C6C0098D2E9 /* Debug */ = {
			isa = XCBuildConfiguration;
			buildSettings = {
				ALWAYS_EMBED_SWIFT_STANDARD_LIBRARIES = YES;
				BUNDLE_LOADER = "$(TEST_HOST)";
				CODE_SIGN_STYLE = Automatic;
				CURRENT_PROJECT_VERSION = 1;
				DEVELOPMENT_TEAM = NGVMXT9PVG;
				GENERATE_INFOPLIST_FILE = YES;
				IPHONEOS_DEPLOYMENT_TARGET = 17.0;
				MARKETING_VERSION = 1.0;
				PRODUCT_BUNDLE_IDENTIFIER = hdemusg.kasperTests;
				PRODUCT_NAME = "$(TARGET_NAME)";
				SWIFT_EMIT_LOC_STRINGS = NO;
				SWIFT_VERSION = 5.0;
				TARGETED_DEVICE_FAMILY = "1,2";
				TEST_HOST = "$(BUILT_PRODUCTS_DIR)/kasper.app/$(BUNDLE_EXECUTABLE_FOLDER_PATH)/kasper";
			};
			name = Debug;
		};
		99D9AE162B083C6C0098D2E9 /* Release */ = {
			isa = XCBuildConfiguration;
			buildSettings = {
				ALWAYS_EMBED_SWIFT_STANDARD_LIBRARIES = YES;
				BUNDLE_LOADER = "$(TEST_HOST)";
				CODE_SIGN_STYLE = Automatic;
				CURRENT_PROJECT_VERSION = 1;
				DEVELOPMENT_TEAM = NGVMXT9PVG;
				GENERATE_INFOPLIST_FILE = YES;
				IPHONEOS_DEPLOYMENT_TARGET = 17.0;
				MARKETING_VERSION = 1.0;
				PRODUCT_BUNDLE_IDENTIFIER = hdemusg.kasperTests;
				PRODUCT_NAME = "$(TARGET_NAME)";
				SWIFT_EMIT_LOC_STRINGS = NO;
				SWIFT_VERSION = 5.0;
				TARGETED_DEVICE_FAMILY = "1,2";
				TEST_HOST = "$(BUILT_PRODUCTS_DIR)/kasper.app/$(BUNDLE_EXECUTABLE_FOLDER_PATH)/kasper";
			};
			name = Release;
		};
		99D9AE182B083C6C0098D2E9 /* Debug */ = {
			isa = XCBuildConfiguration;
			buildSettings = {
				ALWAYS_EMBED_SWIFT_STANDARD_LIBRARIES = YES;
				CODE_SIGN_STYLE = Automatic;
				CURRENT_PROJECT_VERSION = 1;
				DEVELOPMENT_TEAM = NGVMXT9PVG;
				GENERATE_INFOPLIST_FILE = YES;
				MARKETING_VERSION = 1.0;
				PRODUCT_BUNDLE_IDENTIFIER = hdemusg.kasperUITests;
				PRODUCT_NAME = "$(TARGET_NAME)";
				SWIFT_EMIT_LOC_STRINGS = NO;
				SWIFT_VERSION = 5.0;
				TARGETED_DEVICE_FAMILY = "1,2";
				TEST_TARGET_NAME = kasper;
			};
			name = Debug;
		};
		99D9AE192B083C6C0098D2E9 /* Release */ = {
			isa = XCBuildConfiguration;
			buildSettings = {
				ALWAYS_EMBED_SWIFT_STANDARD_LIBRARIES = YES;
				CODE_SIGN_STYLE = Automatic;
				CURRENT_PROJECT_VERSION = 1;
				DEVELOPMENT_TEAM = NGVMXT9PVG;
				GENERATE_INFOPLIST_FILE = YES;
				MARKETING_VERSION = 1.0;
				PRODUCT_BUNDLE_IDENTIFIER = hdemusg.kasperUITests;
				PRODUCT_NAME = "$(TARGET_NAME)";
				SWIFT_EMIT_LOC_STRINGS = NO;
				SWIFT_VERSION = 5.0;
				TARGETED_DEVICE_FAMILY = "1,2";
				TEST_TARGET_NAME = kasper;
			};
			name = Release;
		};
/* End XCBuildConfiguration section */

/* Begin XCConfigurationList section */
		99D9ADE82B083C6A0098D2E9 /* Build configuration list for PBXProject "kasper" */ = {
			isa = XCConfigurationList;
			buildConfigurations = (
				99D9AE0F2B083C6C0098D2E9 /* Debug */,
				99D9AE102B083C6C0098D2E9 /* Release */,
			);
			defaultConfigurationIsVisible = 0;
			defaultConfigurationName = Release;
		};
		99D9AE112B083C6C0098D2E9 /* Build configuration list for PBXNativeTarget "kasper" */ = {
			isa = XCConfigurationList;
			buildConfigurations = (
				99D9AE122B083C6C0098D2E9 /* Debug */,
				99D9AE132B083C6C0098D2E9 /* Release */,
			);
			defaultConfigurationIsVisible = 0;
			defaultConfigurationName = Release;
		};
		99D9AE142B083C6C0098D2E9 /* Build configuration list for PBXNativeTarget "kasperTests" */ = {
			isa = XCConfigurationList;
			buildConfigurations = (
				99D9AE152B083C6C0098D2E9 /* Debug */,
				99D9AE162B083C6C0098D2E9 /* Release */,
			);
			defaultConfigurationIsVisible = 0;
			defaultConfigurationName = Release;
		};
		99D9AE172B083C6C0098D2E9 /* Build configuration list for PBXNativeTarget "kasperUITests" */ = {
			isa = XCConfigurationList;
			buildConfigurations = (
				99D9AE182B083C6C0098D2E9 /* Debug */,
				99D9AE192B083C6C0098D2E9 /* Release */,
			);
			defaultConfigurationIsVisible = 0;
			defaultConfigurationName = Release;
		};
/* End XCConfigurationList section */
	};
	rootObject = 99D9ADE52B083C6A0098D2E9 /* Project object */;
}
